// !$*UTF8*$!
{
	archiveVersion = 1;
	classes = {
	};
	objectVersion = 46;
	objects = {

/* Begin PBXBuildFile section */
		D518D8EB1C7A21B200CF7E56 /* AppDelegate.swift in Sources */ = {isa = PBXBuildFile; fileRef = D518D8EA1C7A21B200CF7E56 /* AppDelegate.swift */; };
		D518D8ED1C7A21B200CF7E56 /* ViewController.swift in Sources */ = {isa = PBXBuildFile; fileRef = D518D8EC1C7A21B200CF7E56 /* ViewController.swift */; };
		D518D8F01C7A21B200CF7E56 /* Main.storyboard in Resources */ = {isa = PBXBuildFile; fileRef = D518D8EE1C7A21B200CF7E56 /* Main.storyboard */; };
		D518D8F21C7A21B200CF7E56 /* Assets.xcassets in Resources */ = {isa = PBXBuildFile; fileRef = D518D8F11C7A21B200CF7E56 /* Assets.xcassets */; };
		D518D8F51C7A21B200CF7E56 /* LaunchScreen.storyboard in Resources */ = {isa = PBXBuildFile; fileRef = D518D8F31C7A21B200CF7E56 /* LaunchScreen.storyboard */; };
/* End PBXBuildFile section */

/* Begin PBXFileReference section */
		D518D8E71C7A21B200CF7E56 /* MemeMe_v1.0.app */ = {isa = PBXFileReference; explicitFileType = wrapper.application; includeInIndex = 0; path = MemeMe_v1.0.app; sourceTree = BUILT_PRODUCTS_DIR; };
		D518D8EA1C7A21B200CF7E56 /* AppDelegate.swift */ = {isa = PBXFileReference; lastKnownFileType = sourcecode.swift; path = AppDelegate.swift; sourceTree = "<group>"; };
		D518D8EC1C7A21B200CF7E56 /* ViewController.swift */ = {isa = PBXFileReference; lastKnownFileType = sourcecode.swift; path = ViewController.swift; sourceTree = "<group>"; };
		D518D8EF1C7A21B200CF7E56 /* Base */ = {isa = PBXFileReference; lastKnownFileType = file.storyboard; name = Base; path = Base.lproj/Main.storyboard; sourceTree = "<group>"; };
		D518D8F11C7A21B200CF7E56 /* Assets.xcassets */ = {isa = PBXFileReference; lastKnownFileType = folder.assetcatalog; path = Assets.xcassets; sourceTree = "<group>"; };
		D518D8F41C7A21B200CF7E56 /* Base */ = {isa = PBXFileReference; lastKnownFileType = file.storyboard; name = Base; path = Base.lproj/LaunchScreen.storyboard; sourceTree = "<group>"; };
		D518D8F61C7A21B200CF7E56 /* Info.plist */ = {isa = PBXFileReference; lastKnownFileType = text.plist.xml; path = Info.plist; sourceTree = "<group>"; };
/* End PBXFileReference section */

/* Begin PBXFrameworksBuildPhase section */
		D518D8E41C7A21B200CF7E56 /* Frameworks */ = {
			isa = PBXFrameworksBuildPhase;
			buildActionMask = 2147483647;
			files = (
			);
			runOnlyForDeploymentPostprocessing = 0;
		};
/* End PBXFrameworksBuildPhase section */

/* Begin PBXGroup section */
		D518D8DE1C7A21B200CF7E56 = {
			isa = PBXGroup;
			children = (
				D518D8E91C7A21B200CF7E56 /* MemeMe_v1.0 */,
				D518D8E81C7A21B200CF7E56 /* Products */,
			);
			sourceTree = "<group>";
		};
		D518D8E81C7A21B200CF7E56 /* Products */ = {
			isa = PBXGroup;
			children = (
				D518D8E71C7A21B200CF7E56 /* MemeMe_v1.0.app */,
			);
			name = Products;
			sourceTree = "<group>";
		};
		D518D8E91C7A21B200CF7E56 /* MemeMe_v1.0 */ = {
			isa = PBXGroup;
			children = (
				D518D8EA1C7A21B200CF7E56 /* AppDelegate.swift */,
				D518D8EC1C7A21B200CF7E56 /* ViewController.swift */,
				D518D8EE1C7A21B200CF7E56 /* Main.storyboard */,
				D518D8F11C7A21B200CF7E56 /* Assets.xcassets */,
				D518D8F31C7A21B200CF7E56 /* LaunchScreen.storyboard */,
				D518D8F61C7A21B200CF7E56 /* Info.plist */,
			);
			path = MemeMe_v1.0;
			sourceTree = "<group>";
		};
/* End PBXGroup section */

/* Begin PBXNativeTarget section */
		D518D8E61C7A21B200CF7E56 /* MemeMe_v1.0 */ = {
			isa = PBXNativeTarget;
			buildConfigurationList = D518D8F91C7A21B200CF7E56 /* Build configuration list for PBXNativeTarget "MemeMe_v1.0" */;
			buildPhases = (
				D518D8E31C7A21B200CF7E56 /* Sources */,
				D518D8E41C7A21B200CF7E56 /* Frameworks */,
				D518D8E51C7A21B200CF7E56 /* Resources */,
			);
			buildRules = (
			);
			dependencies = (
			);
			name = MemeMe_v1.0;
			productName = MemeMe_v1.0;
			productReference = D518D8E71C7A21B200CF7E56 /* MemeMe_v1.0.app */;
			productType = "com.apple.product-type.application";
		};
/* End PBXNativeTarget section */

/* Begin PBXProject section */
		D518D8DF1C7A21B200CF7E56 /* Project object */ = {
			isa = PBXProject;
			attributes = {
				LastSwiftUpdateCheck = 0720;
				LastUpgradeCheck = 0720;
				ORGANIZATIONNAME = leanne63;
				TargetAttributes = {
					D518D8E61C7A21B200CF7E56 = {
						CreatedOnToolsVersion = 7.2.1;
					};
				};
			};
			buildConfigurationList = D518D8E21C7A21B200CF7E56 /* Build configuration list for PBXProject "MemeMe_v1.0" */;
			compatibilityVersion = "Xcode 3.2";
			developmentRegion = English;
			hasScannedForEncodings = 0;
			knownRegions = (
				en,
				Base,
			);
			mainGroup = D518D8DE1C7A21B200CF7E56;
			productRefGroup = D518D8E81C7A21B200CF7E56 /* Products */;
			projectDirPath = "";
			projectRoot = "";
			targets = (
				D518D8E61C7A21B200CF7E56 /* MemeMe_v1.0 */,
			);
		};
/* End PBXProject section */

/* Begin PBXResourcesBuildPhase section */
		D518D8E51C7A21B200CF7E56 /* Resources */ = {
			isa = PBXResourcesBuildPhase;
			buildActionMask = 2147483647;
			files = (
				D518D8F51C7A21B200CF7E56 /* LaunchScreen.storyboard in Resources */,
				D518D8F21C7A21B200CF7E56 /* Assets.xcassets in Resources */,
				D518D8F01C7A21B200CF7E56 /* Main.storyboard in Resources */,
			);
			runOnlyForDeploymentPostprocessing = 0;
		};
/* End PBXResourcesBuildPhase section */

/* Begin PBXSourcesBuildPhase section */
		D518D8E31C7A21B200CF7E56 /* Sources */ = {
			isa = PBXSourcesBuildPhase;
			buildActionMask = 2147483647;
			files = (
				D518D8ED1C7A21B200CF7E56 /* ViewController.swift in Sources */,
				D518D8EB1C7A21B200CF7E56 /* AppDelegate.swift in Sources */,
			);
			runOnlyForDeploymentPostprocessing = 0;
		};
/* End PBXSourcesBuildPhase section */

/* Begin PBXVariantGroup section */
		D518D8EE1C7A21B200CF7E56 /* Main.storyboard */ = {
			isa = PBXVariantGroup;
			children = (
				D518D8EF1C7A21B200CF7E56 /* Base */,
			);
			name = Main.storyboard;
			sourceTree = "<group>";
		};
		D518D8F31C7A21B200CF7E56 /* LaunchScreen.storyboard */ = {
			isa = PBXVariantGroup;
			children = (
				D518D8F41C7A21B200CF7E56 /* Base */,
			);
			name = LaunchScreen.storyboard;
			sourceTree = "<group>";
		};
/* End PBXVariantGroup section */

/* Begin XCBuildConfiguration section */
		D518D8F71C7A21B200CF7E56 /* Debug */ = {
			isa = XCBuildConfiguration;
			buildSettings = {
				ALWAYS_SEARCH_USER_PATHS = NO;
				CLANG_CXX_LANGUAGE_STANDARD = "gnu++0x";
				CLANG_CXX_LIBRARY = "libc++";
				CLANG_ENABLE_MODULES = YES;
				CLANG_ENABLE_OBJC_ARC = YES;
				CLANG_WARN_BOOL_CONVERSION = YES;
				CLANG_WARN_CONSTANT_CONVERSION = YES;
				CLANG_WARN_DIRECT_OBJC_ISA_USAGE = YES_ERROR;
				CLANG_WARN_EMPTY_BODY = YES;
				CLANG_WARN_ENUM_CONVERSION = YES;
				CLANG_WARN_INT_CONVERSION = YES;
				CLANG_WARN_OBJC_ROOT_CLASS = YES_ERROR;
				CLANG_WARN_UNREACHABLE_CODE = YES;
				CLANG_WARN__DUPLICATE_METHOD_MATCH = YES;
				"CODE_SIGN_IDENTITY[sdk=iphoneos*]" = "iPhone Developer";
				COPY_PHASE_STRIP = NO;
				DEBUG_INFORMATION_FORMAT = dwarf;
				ENABLE_STRICT_OBJC_MSGSEND = YES;
				ENABLE_TESTABILITY = YES;
				GCC_C_LANGUAGE_STANDARD = gnu99;
				GCC_DYNAMIC_NO_PIC = NO;
				GCC_NO_COMMON_BLOCKS = YES;
				GCC_OPTIMIZATION_LEVEL = 0;
				GCC_PREPROCESSOR_DEFINITIONS = (
					"DEBUG=1",
					"$(inherited)",
				);
				GCC_WARN_64_TO_32_BIT_CONVERSION = YES;
				GCC_WARN_ABOUT_RETURN_TYPE = YES_ERROR;
				GCC_WARN_UNDECLARED_SELECTOR = YES;
				GCC_WARN_UNINITIALIZED_AUTOS = YES_AGGRESSIVE;
				GCC_WARN_UNUSED_FUNCTION = YES;
				GCC_WARN_UNUSED_VARIABLE = YES;
				IPHONEOS_DEPLOYMENT_TARGET = 9.2;
				MTL_ENABLE_DEBUG_INFO = YES;
				ONLY_ACTIVE_ARCH = YES;
				SDKROOT = iphoneos;
				SWIFT_OPTIMIZATION_LEVEL = "-Onone";
				TARGETED_DEVICE_FAMILY = "1,2";
			};
			name = Debug;
		};
		D518D8F81C7A21B200CF7E56 /* Release */ = {
			isa = XCBuildConfiguration;
			buildSettings = {
				ALWAYS_SEARCH_USER_PATHS = NO;
				CLANG_CXX_LANGUAGE_STANDARD = "gnu++0x";
				CLANG_CXX_LIBRARY = "libc++";
				CLANG_ENABLE_MODULES = YES;
				CLANG_ENABLE_OBJC_ARC = YES;
				CLANG_WARN_BOOL_CONVERSION = YES;
				CLANG_WARN_CONSTANT_CONVERSION = YES;
				CLANG_WARN_DIRECT_OBJC_ISA_USAGE = YES_ERROR;
				CLANG_WARN_EMPTY_BODY = YES;
				CLANG_WARN_ENUM_CONVERSION = YES;
				CLANG_WARN_INT_CONVERSION = YES;
				CLANG_WARN_OBJC_ROOT_CLASS = YES_ERROR;
				CLANG_WARN_UNREACHABLE_CODE = YES;
				CLANG_WARN__DUPLICATE_METHOD_MATCH = YES;
				"CODE_SIGN_IDENTITY[sdk=iphoneos*]" = "iPhone Developer";
				COPY_PHASE_STRIP = NO;
				DEBUG_INFORMATION_FORMAT = "dwarf-with-dsym";
				ENABLE_NS_ASSERTIONS = NO;
				ENABLE_STRICT_OBJC_MSGSEND = YES;
				GCC_C_LANGUAGE_STANDARD = gnu99;
				GCC_NO_COMMON_BLOCKS = YES;
				GCC_WARN_64_TO_32_BIT_CONVERSION = YES;
				GCC_WARN_ABOUT_RETURN_TYPE = YES_ERROR;
				GCC_WARN_UNDECLARED_SELECTOR = YES;
				GCC_WARN_UNINITIALIZED_AUTOS = YES_AGGRESSIVE;
				GCC_WARN_UNUSED_FUNCTION = YES;
				GCC_WARN_UNUSED_VARIABLE = YES;
				IPHONEOS_DEPLOYMENT_TARGET = 9.2;
				MTL_ENABLE_DEBUG_INFO = NO;
				SDKROOT = iphoneos;
				TARGETED_DEVICE_FAMILY = "1,2";
				VALIDATE_PRODUCT = YES;
			};
			name = Release;
		};
		D518D8FA1C7A21B200CF7E56 /* Debug */ = {
			isa = XCBuildConfiguration;
			buildSettings = {
				ASSETCATALOG_COMPILER_APPICON_NAME = AppIcon;
				INFOPLIST_FILE = MemeMe_v1.0/Info.plist;
				LD_RUNPATH_SEARCH_PATHS = "$(inherited) @executable_path/Frameworks";
				PRODUCT_BUNDLE_IDENTIFIER = "com.leanne63.MemeMe-v1-0";
				PRODUCT_NAME = "$(TARGET_NAME)";
			};
			name = Debug;
		};
		D518D8FB1C7A21B200CF7E56 /* Release */ = {
			isa = XCBuildConfiguration;
			buildSettings = {
				ASSETCATALOG_COMPILER_APPICON_NAME = AppIcon;
				INFOPLIST_FILE = MemeMe_v1.0/Info.plist;
				LD_RUNPATH_SEARCH_PATHS = "$(inherited) @executable_path/Frameworks";
				PRODUCT_BUNDLE_IDENTIFIER = "com.leanne63.MemeMe-v1-0";
				PRODUCT_NAME = "$(TARGET_NAME)";
			};
			name = Release;
		};
/* End XCBuildConfiguration section */

/* Begin XCConfigurationList section */
		D518D8E21C7A21B200CF7E56 /* Build configuration list for PBXProject "MemeMe_v1.0" */ = {
			isa = XCConfigurationList;
			buildConfigurations = (
				D518D8F71C7A21B200CF7E56 /* Debug */,
				D518D8F81C7A21B200CF7E56 /* Release */,
			);
			defaultConfigurationIsVisible = 0;
			defaultConfigurationName = Release;
		};
		D518D8F91C7A21B200CF7E56 /* Build configuration list for PBXNativeTarget "MemeMe_v1.0" */ = {
			isa = XCConfigurationList;
			buildConfigurations = (
				D518D8FA1C7A21B200CF7E56 /* Debug */,
				D518D8FB1C7A21B200CF7E56 /* Release */,
			);
			defaultConfigurationIsVisible = 0;
		};
/* End XCConfigurationList section */
	};
	rootObject = D518D8DF1C7A21B200CF7E56 /* Project object */;
}
